// !$*UTF8*$!
{
	archiveVersion = 1;
	classes = {
	};
	objectVersion = 46;
	objects = {

/* Begin PBXBuildFile section */
		A16BCF221CD87F95002D6451 /* main.m in Sources */ = {isa = PBXBuildFile; fileRef = A16BCF211CD87F95002D6451 /* main.m */; };
		A16BCF251CD87F95002D6451 /* AppDelegate.m in Sources */ = {isa = PBXBuildFile; fileRef = A16BCF241CD87F95002D6451 /* AppDelegate.m */; };
		A16BCF281CD87F95002D6451 /* ViewController.m in Sources */ = {isa = PBXBuildFile; fileRef = A16BCF271CD87F95002D6451 /* ViewController.m */; };
		A16BCF2B1CD87F95002D6451 /* Main.storyboard in Resources */ = {isa = PBXBuildFile; fileRef = A16BCF291CD87F95002D6451 /* Main.storyboard */; };
		A16BCF2D1CD87F95002D6451 /* Assets.xcassets in Resources */ = {isa = PBXBuildFile; fileRef = A16BCF2C1CD87F95002D6451 /* Assets.xcassets */; };
		A16BCF301CD87F95002D6451 /* LaunchScreen.storyboard in Resources */ = {isa = PBXBuildFile; fileRef = A16BCF2E1CD87F95002D6451 /* LaunchScreen.storyboard */; };
		A1882D111CD88F3300C1CE4B /* index.html in Resources */ = {isa = PBXBuildFile; fileRef = A1882D0F1CD88F3300C1CE4B /* index.html */; };
		A1882D131CD88F4400C1CE4B /* css in Resources */ = {isa = PBXBuildFile; fileRef = A1882D121CD88F4400C1CE4B /* css */; };
/* End PBXBuildFile section */

/* Begin PBXFileReference section */
		A16BCF1D1CD87F95002D6451 /* 本地html加载实验.app */ = {isa = PBXFileReference; explicitFileType = wrapper.application; includeInIndex = 0; path = "本地html加载实验.app"; sourceTree = BUILT_PRODUCTS_DIR; };
		A16BCF211CD87F95002D6451 /* main.m */ = {isa = PBXFileReference; lastKnownFileType = sourcecode.c.objc; path = main.m; sourceTree = "<group>"; };
		A16BCF231CD87F95002D6451 /* AppDelegate.h */ = {isa = PBXFileReference; lastKnownFileType = sourcecode.c.h; path = AppDelegate.h; sourceTree = "<group>"; };
		A16BCF241CD87F95002D6451 /* AppDelegate.m */ = {isa = PBXFileReference; lastKnownFileType = sourcecode.c.objc; path = AppDelegate.m; sourceTree = "<group>"; };
		A16BCF261CD87F95002D6451 /* ViewController.h */ = {isa = PBXFileReference; lastKnownFileType = sourcecode.c.h; path = ViewController.h; sourceTree = "<group>"; };
		A16BCF271CD87F95002D6451 /* ViewController.m */ = {isa = PBXFileReference; lastKnownFileType = sourcecode.c.objc; path = ViewController.m; sourceTree = "<group>"; };
		A16BCF2A1CD87F95002D6451 /* Base */ = {isa = PBXFileReference; lastKnownFileType = file.storyboard; name = Base; path = Base.lproj/Main.storyboard; sourceTree = "<group>"; };
		A16BCF2C1CD87F95002D6451 /* Assets.xcassets */ = {isa = PBXFileReference; lastKnownFileType = folder.assetcatalog; path = Assets.xcassets; sourceTree = "<group>"; };
		A16BCF2F1CD87F95002D6451 /* Base */ = {isa = PBXFileReference; lastKnownFileType = file.storyboard; name = Base; path = Base.lproj/LaunchScreen.storyboard; sourceTree = "<group>"; };
		A16BCF311CD87F95002D6451 /* Info.plist */ = {isa = PBXFileReference; lastKnownFileType = text.plist.xml; path = Info.plist; sourceTree = "<group>"; };
		A1882D0F1CD88F3300C1CE4B /* index.html */ = {isa = PBXFileReference; fileEncoding = 4; lastKnownFileType = text.html; path = index.html; sourceTree = "<group>"; };
		A1882D121CD88F4400C1CE4B /* css */ = {isa = PBXFileReference; lastKnownFileType = folder; path = css; sourceTree = "<group>"; };
/* End PBXFileReference section */

/* Begin PBXFrameworksBuildPhase section */
		A16BCF1A1CD87F95002D6451 /* Frameworks */ = {
			isa = PBXFrameworksBuildPhase;
			buildActionMask = 2147483647;
			files = (
			);
			runOnlyForDeploymentPostprocessing = 0;
		};
/* End PBXFrameworksBuildPhase section */

/* Begin PBXGroup section */
		A16BCF141CD87F95002D6451 = {
			isa = PBXGroup;
			children = (
				A16BCF1F1CD87F95002D6451 /* 本地html加载实验 */,
				A16BCF1E1CD87F95002D6451 /* Products */,
			);
			sourceTree = "<group>";
		};
		A16BCF1E1CD87F95002D6451 /* Products */ = {
			isa = PBXGroup;
			children = (
				A16BCF1D1CD87F95002D6451 /* 本地html加载实验.app */,
			);
			name = Products;
			sourceTree = "<group>";
		};
		A16BCF1F1CD87F95002D6451 /* 本地html加载实验 */ = {
			isa = PBXGroup;
			children = (
				A1882D0C1CD88F3300C1CE4B /* html */,
				A16BCF231CD87F95002D6451 /* AppDelegate.h */,
				A16BCF241CD87F95002D6451 /* AppDelegate.m */,
				A16BCF261CD87F95002D6451 /* ViewController.h */,
				A16BCF271CD87F95002D6451 /* ViewController.m */,
				A16BCF291CD87F95002D6451 /* Main.storyboard */,
				A16BCF2C1CD87F95002D6451 /* Assets.xcassets */,
				A16BCF2E1CD87F95002D6451 /* LaunchScreen.storyboard */,
				A16BCF311CD87F95002D6451 /* Info.plist */,
				A16BCF201CD87F95002D6451 /* Supporting Files */,
			);
			path = "本地html加载实验";
			sourceTree = "<group>";
		};
		A16BCF201CD87F95002D6451 /* Supporting Files */ = {
			isa = PBXGroup;
			children = (
				A16BCF211CD87F95002D6451 /* main.m */,
			);
			name = "Supporting Files";
			sourceTree = "<group>";
		};
		A1882D0C1CD88F3300C1CE4B /* html */ = {
			isa = PBXGroup;
			children = (
				A1882D121CD88F4400C1CE4B /* css */,
				A1882D0F1CD88F3300C1CE4B /* index.html */,
			);
			path = html;
			sourceTree = "<group>";
		};
/* End PBXGroup section */

/* Begin PBXNativeTarget section */
		A16BCF1C1CD87F95002D6451 /* 本地html加载实验 */ = {
			isa = PBXNativeTarget;
			buildConfigurationList = A16BCF341CD87F95002D6451 /* Build configuration list for PBXNativeTarget "本地html加载实验" */;
			buildPhases = (
				A16BCF191CD87F95002D6451 /* Sources */,
				A16BCF1A1CD87F95002D6451 /* Frameworks */,
				A16BCF1B1CD87F95002D6451 /* Resources */,
			);
			buildRules = (
			);
			dependencies = (
			);
			name = "本地html加载实验";
			productName = "本地html加载实验";
			productReference = A16BCF1D1CD87F95002D6451 /* 本地html加载实验.app */;
			productType = "com.apple.product-type.application";
		};
/* End PBXNativeTarget section */

/* Begin PBXProject section */
		A16BCF151CD87F95002D6451 /* Project object */ = {
			isa = PBXProject;
			attributes = {
				LastUpgradeCheck = 0730;
				ORGANIZATIONNAME = "张祎";
				TargetAttributes = {
					A16BCF1C1CD87F95002D6451 = {
						CreatedOnToolsVersion = 7.3;
					};
				};
			};
			buildConfigurationList = A16BCF181CD87F95002D6451 /* Build configuration list for PBXProject "本地html加载实验" */;
			compatibilityVersion = "Xcode 3.2";
			developmentRegion = English;
			hasScannedForEncodings = 0;
			knownRegions = (
				en,
				Base,
			);
			mainGroup = A16BCF141CD87F95002D6451;
			productRefGroup = A16BCF1E1CD87F95002D6451 /* Products */;
			projectDirPath = "";
			projectRoot = "";
			targets = (
				A16BCF1C1CD87F95002D6451 /* 本地html加载实验 */,
			);
		};
/* End PBXProject section */

/* Begin PBXResourcesBuildPhase section */
		A16BCF1B1CD87F95002D6451 /* Resources */ = {
			isa = PBXResourcesBuildPhase;
			buildActionMask = 2147483647;
			files = (
				A1882D131CD88F4400C1CE4B /* css in Resources */,
				A1882D111CD88F3300C1CE4B /* index.html in Resources */,
				A16BCF301CD87F95002D6451 /* LaunchScreen.storyboard in Resources */,
				A16BCF2D1CD87F95002D6451 /* Assets.xcassets in Resources */,
				A16BCF2B1CD87F95002D6451 /* Main.storyboard in Resources */,
			);
			runOnlyForDeploymentPostprocessing = 0;
		};
/* End PBXResourcesBuildPhase section */

/* Begin PBXSourcesBuildPhase section */
		A16BCF191CD87F95002D6451 /* Sources */ = {
			isa = PBXSourcesBuildPhase;
			buildActionMask = 2147483647;
			files = (
				A16BCF281CD87F95002D6451 /* ViewController.m in Sources */,
				A16BCF251CD87F95002D6451 /* AppDelegate.m in Sources */,
				A16BCF221CD87F95002D6451 /* main.m in Sources */,
			);
			runOnlyForDeploymentPostprocessing = 0;
		};
/* End PBXSourcesBuildPhase section */

/* Begin PBXVariantGroup section */
		A16BCF291CD87F95002D6451 /* Main.storyboard */ = {
			isa = PBXVariantGroup;
			children = (
				A16BCF2A1CD87F95002D6451 /* Base */,
			);
			name = Main.storyboard;
			sourceTree = "<group>";
		};
		A16BCF2E1CD87F95002D6451 /* LaunchScreen.storyboard */ = {
			isa = PBXVariantGroup;
			children = (
				A16BCF2F1CD87F95002D6451 /* Base */,
			);
			name = LaunchScreen.storyboard;
			sourceTree = "<group>";
		};
/* End PBXVariantGroup section */

/* Begin XCBuildConfiguration section */
		A16BCF321CD87F95002D6451 /* Debug */ = {
			isa = XCBuildConfiguration;
			buildSettings = {
				ALWAYS_SEARCH_USER_PATHS = NO;
				CLANG_ANALYZER_NONNULL = YES;
				CLANG_CXX_LANGUAGE_STANDARD = "gnu++0x";
				CLANG_CXX_LIBRARY = "libc++";
				CLANG_ENABLE_MODULES = YES;
				CLANG_ENABLE_OBJC_ARC = YES;
				CLANG_WARN_BOOL_CONVERSION = YES;
				CLANG_WARN_CONSTANT_CONVERSION = YES;
				CLANG_WARN_DIRECT_OBJC_ISA_USAGE = YES_ERROR;
				CLANG_WARN_EMPTY_BODY = YES;
				CLANG_WARN_ENUM_CONVERSION = YES;
				CLANG_WARN_INT_CONVERSION = YES;
				CLANG_WARN_OBJC_ROOT_CLASS = YES_ERROR;
				CLANG_WARN_UNREACHABLE_CODE = YES;
				CLANG_WARN__DUPLICATE_METHOD_MATCH = YES;
				"CODE_SIGN_IDENTITY[sdk=iphoneos*]" = "iPhone Developer";
				COPY_PHASE_STRIP = NO;
				DEBUG_INFORMATION_FORMAT = dwarf;
				ENABLE_STRICT_OBJC_MSGSEND = YES;
				ENABLE_TESTABILITY = YES;
				GCC_C_LANGUAGE_STANDARD = gnu99;
				GCC_DYNAMIC_NO_PIC = NO;
				GCC_NO_COMMON_BLOCKS = YES;
				GCC_OPTIMIZATION_LEVEL = 0;
				GCC_PREPROCESSOR_DEFINITIONS = (
					"DEBUG=1",
					"$(inherited)",
				);
				GCC_WARN_64_TO_32_BIT_CONVERSION = YES;
				GCC_WARN_ABOUT_RETURN_TYPE = YES_ERROR;
				GCC_WARN_UNDECLARED_SELECTOR = YES;
				GCC_WARN_UNINITIALIZED_AUTOS = YES_AGGRESSIVE;
				GCC_WARN_UNUSED_FUNCTION = YES;
				GCC_WARN_UNUSED_VARIABLE = YES;
				IPHONEOS_DEPLOYMENT_TARGET = 9.3;
				MTL_ENABLE_DEBUG_INFO = YES;
				ONLY_ACTIVE_ARCH = YES;
				SDKROOT = iphoneos;
			};
			name = Debug;
		};
		A16BCF331CD87F95002D6451 /* Release */ = {
			isa = XCBuildConfiguration;
			buildSettings = {
				ALWAYS_SEARCH_USER_PATHS = NO;
				CLANG_ANALYZER_NONNULL = YES;
				CLANG_CXX_LANGUAGE_STANDARD = "gnu++0x";
				CLANG_CXX_LIBRARY = "libc++";
				CLANG_ENABLE_MODULES = YES;
				CLANG_ENABLE_OBJC_ARC = YES;
				CLANG_WARN_BOOL_CONVERSION = YES;
				CLANG_WARN_CONSTANT_CONVERSION = YES;
				CLANG_WARN_DIRECT_OBJC_ISA_USAGE = YES_ERROR;
				CLANG_WARN_EMPTY_BODY = YES;
				CLANG_WARN_ENUM_CONVERSION = YES;
				CLANG_WARN_INT_CONVERSION = YES;
				CLANG_WARN_OBJC_ROOT_CLASS = YES_ERROR;
				CLANG_WARN_UNREACHABLE_CODE = YES;
				CLANG_WARN__DUPLICATE_METHOD_MATCH = YES;
				"CODE_SIGN_IDENTITY[sdk=iphoneos*]" = "iPhone Developer";
				COPY_PHASE_STRIP = NO;
				DEBUG_INFORMATION_FORMAT = "dwarf-with-dsym";
				ENABLE_NS_ASSERTIONS = NO;
				ENABLE_STRICT_OBJC_MSGSEND = YES;
				GCC_C_LANGUAGE_STANDARD = gnu99;
				GCC_NO_COMMON_BLOCKS = YES;
				GCC_WARN_64_TO_32_BIT_CONVERSION = YES;
				GCC_WARN_ABOUT_RETURN_TYPE = YES_ERROR;
				GCC_WARN_UNDECLARED_SELECTOR = YES;
				GCC_WARN_UNINITIALIZED_AUTOS = YES_AGGRESSIVE;
				GCC_WARN_UNUSED_FUNCTION = YES;
				GCC_WARN_UNUSED_VARIABLE = YES;
				IPHONEOS_DEPLOYMENT_TARGET = 9.3;
				MTL_ENABLE_DEBUG_INFO = NO;
				SDKROOT = iphoneos;
				VALIDATE_PRODUCT = YES;
			};
			name = Release;
		};
		A16BCF351CD87F95002D6451 /* Debug */ = {
			isa = XCBuildConfiguration;
			buildSettings = {
				ASSETCATALOG_COMPILER_APPICON_NAME = AppIcon;
				INFOPLIST_FILE = "本地html加载实验/Info.plist";
				IPHONEOS_DEPLOYMENT_TARGET = 9.2;
				LD_RUNPATH_SEARCH_PATHS = "$(inherited) @executable_path/Frameworks";
				PRODUCT_BUNDLE_IDENTIFIER = "apple.--html----";
				PRODUCT_NAME = "$(TARGET_NAME)";
			};
			name = Debug;
		};
		A16BCF361CD87F95002D6451 /* Release */ = {
			isa = XCBuildConfiguration;
			buildSettings = {
				ASSETCATALOG_COMPILER_APPICON_NAME = AppIcon;
				INFOPLIST_FILE = "本地html加载实验/Info.plist";
				IPHONEOS_DEPLOYMENT_TARGET = 9.2;
				LD_RUNPATH_SEARCH_PATHS = "$(inherited) @executable_path/Frameworks";
				PRODUCT_BUNDLE_IDENTIFIER = "apple.--html----";
				PRODUCT_NAME = "$(TARGET_NAME)";
			};
			name = Release;
		};
/* End XCBuildConfiguration section */

/* Begin XCConfigurationList section */
		A16BCF181CD87F95002D6451 /* Build configuration list for PBXProject "本地html加载实验" */ = {
			isa = XCConfigurationList;
			buildConfigurations = (
				A16BCF321CD87F95002D6451 /* Debug */,
				A16BCF331CD87F95002D6451 /* Release */,
			);
			defaultConfigurationIsVisible = 0;
			defaultConfigurationName = Release;
		};
		A16BCF341CD87F95002D6451 /* Build configuration list for PBXNativeTarget "本地html加载实验" */ = {
			isa = XCConfigurationList;
			buildConfigurations = (
				A16BCF351CD87F95002D6451 /* Debug */,
				A16BCF361CD87F95002D6451 /* Release */,
			);
			defaultConfigurationIsVisible = 0;
			defaultConfigurationName = Release;
		};
/* End XCConfigurationList section */
	};
	rootObject = A16BCF151CD87F95002D6451 /* Project object */;
}
